
Microsoft Visual Studio Solution File, Format Version 12.00
# Visual Studio Version 16
VisualStudioVersion = 16.0.30611.23
MinimumVisualStudioVersion = 10.0.40219.1
Project("{FAE04EC0-301F-11D3-BF4B-00C04F79EFBC}") = "COREMVC", "COREMVC.csproj", "{8B835328-7248-4280-AAFB-6DBA7A12D45F}"
EndProject
Global
	GlobalSection(SolutionConfigurationPlatforms) = preSolution
		Debug|Any CPU = Debug|Any CPU
		Release|Any CPU = Release|Any CPU
	EndGlobalSection
	GlobalSection(ProjectConfigurationPlatforms) = postSolution
		{8B835328-7248-4280-AAFB-6DBA7A12D45F}.Debug|Any CPU.ActiveCfg = Debug|Any CPU
		{8B835328-7248-4280-AAFB-6DBA7A12D45F}.Debug|Any CPU.Build.0 = Debug|Any CPU
		{8B835328-7248-4280-AAFB-6DBA7A12D45F}.Release|Any CPU.ActiveCfg = Release|Any CPU
		{8B835328-7248-4280-AAFB-6DBA7A12D45F}.Release|Any CPU.Build.0 = Release|Any CPU
	EndGlobalSection
	GlobalSection(SolutionProperties) = preSolution
		HideSolutionNode = FALSE
	EndGlobalSection
	GlobalSection(ExtensibilityGlobals) = postSolution
		SolutionGuid = {8531F39B-051C-4EEB-8CF9-68B6616A270A}
	EndGlobalSection
EndGlobal
